
Microsoft Visual Studio Solution File, Format Version 12.00
# Visual Studio Version 18
VisualStudioVersion = 18.6.11819.183
MinimumVisualStudioVersion = 10.0.40219.1
Project("{FAE04EC0-301F-11D3-BF4B-00C04F79EFBC}") = "EquationSolver", "EquationSolver.csproj", "{6636A5CF-9DED-46A0-8861-491C92EF3377}"
EndProject
Global
	GlobalSection(SolutionConfigurationPlatforms) = preSolution
		Debug|Any CPU = Debug|Any CPU
		Release|Any CPU = Release|Any CPU
	EndGlobalSection
	GlobalSection(ProjectConfigurationPlatforms) = postSolution
		{6636A5CF-9DED-46A0-8861-491C92EF3377}.Debug|Any CPU.ActiveCfg = Debug|Any CPU
		{6636A5CF-9DED-46A0-8861-491C92EF3377}.Debug|Any CPU.Build.0 = Debug|Any CPU
		{6636A5CF-9DED-46A0-8861-491C92EF3377}.Release|Any CPU.ActiveCfg = Release|Any CPU
		{6636A5CF-9DED-46A0-8861-491C92EF3377}.Release|Any CPU.Build.0 = Release|Any CPU
	EndGlobalSection
	GlobalSection(SolutionProperties) = preSolution
		HideSolutionNode = FALSE
	EndGlobalSection
	GlobalSection(ExtensibilityGlobals) = postSolution
		SolutionGuid = {55D072D9-1C6E-4EDD-9EE7-2BE2313141E2}
	EndGlobalSection
EndGlobal
